Microsoft Visual Studio Solution File, Format Version 12.00
# Visual Studio Version 17
VisualStudioVersion = 17.5.2.0
MinimumVisualStudioVersion = 10.0.40219.1
Project("{2150E333-8FDC-42A3-9474-1A3956D46DE8}") = "Dotnet", "Dotnet", "{71E6E750-85FD-B5BC-4321-E01377EC6231}"
EndProject
Project("{FAE04EC0-301F-11D3-BF4B-00C04F79EFBC}") = "Laba3", "Dotnet\Laba3\Laba3.csproj", "{4F25BDFA-CE03-DA5D-13BC-A566F5BDB5A8}"
EndProject
Project("{FAE04EC0-301F-11D3-BF4B-00C04F79EFBC}") = "Laba5", "Dotnet\Laba5\Laba5.csproj", "{F7D72B0A-D793-CF83-211A-21111E3EE58E}"
EndProject
Project("{FAE04EC0-301F-11D3-BF4B-00C04F79EFBC}") = "Laba4", "Dotnet\Laba4\Laba4.csproj", "{D0A2E9E1-A6D7-4726-5D9C-AD9B89DBFC4C}"
EndProject
Global
	GlobalSection(SolutionConfigurationPlatforms) = preSolution
		Debug|Any CPU = Debug|Any CPU
		Release|Any CPU = Release|Any CPU
	EndGlobalSection
	GlobalSection(ProjectConfigurationPlatforms) = postSolution
		{4F25BDFA-CE03-DA5D-13BC-A566F5BDB5A8}.Debug|Any CPU.ActiveCfg = Debug|Any CPU
		{4F25BDFA-CE03-DA5D-13BC-A566F5BDB5A8}.Debug|Any CPU.Build.0 = Debug|Any CPU
		{4F25BDFA-CE03-DA5D-13BC-A566F5BDB5A8}.Release|Any CPU.ActiveCfg = Release|Any CPU
		{4F25BDFA-CE03-DA5D-13BC-A566F5BDB5A8}.Release|Any CPU.Build.0 = Release|Any CPU
		{F7D72B0A-D793-CF83-211A-21111E3EE58E}.Debug|Any CPU.ActiveCfg = Debug|Any CPU
		{F7D72B0A-D793-CF83-211A-21111E3EE58E}.Debug|Any CPU.Build.0 = Debug|Any CPU
		{F7D72B0A-D793-CF83-211A-21111E3EE58E}.Release|Any CPU.ActiveCfg = Release|Any CPU
		{F7D72B0A-D793-CF83-211A-21111E3EE58E}.Release|Any CPU.Build.0 = Release|Any CPU
		{D0A2E9E1-A6D7-4726-5D9C-AD9B89DBFC4C}.Debug|Any CPU.ActiveCfg = Debug|Any CPU
		{D0A2E9E1-A6D7-4726-5D9C-AD9B89DBFC4C}.Debug|Any CPU.Build.0 = Debug|Any CPU
		{D0A2E9E1-A6D7-4726-5D9C-AD9B89DBFC4C}.Release|Any CPU.ActiveCfg = Release|Any CPU
		{D0A2E9E1-A6D7-4726-5D9C-AD9B89DBFC4C}.Release|Any CPU.Build.0 = Release|Any CPU
	EndGlobalSection
	GlobalSection(SolutionProperties) = preSolution
		HideSolutionNode = FALSE
	EndGlobalSection
	GlobalSection(NestedProjects) = preSolution
		{4F25BDFA-CE03-DA5D-13BC-A566F5BDB5A8} = {71E6E750-85FD-B5BC-4321-E01377EC6231}
		{F7D72B0A-D793-CF83-211A-21111E3EE58E} = {71E6E750-85FD-B5BC-4321-E01377EC6231}
		{D0A2E9E1-A6D7-4726-5D9C-AD9B89DBFC4C} = {71E6E750-85FD-B5BC-4321-E01377EC6231}
	EndGlobalSection
	GlobalSection(ExtensibilityGlobals) = postSolution
		SolutionGuid = {7F0CF9AE-7125-4D15-A0E5-BF0F9D0CA7E2}
	EndGlobalSection
EndGlobal
